{
  "name": "dream-lang",
  "version": "1.0.0",
  "lockfileVersion": 1,
  "requires": true,
  "dependencies": {
    "chevrotain": {
      "version": "3.3.0",
      "resolved": "https://registry.npmjs.org/chevrotain/-/chevrotain-3.3.0.tgz",
      "integrity": "sha512-NXDOQMPgO6DWBexhmwG9fPVGHvb0z1tF+evNR0XdPGns+rwMcLKH6NmITYNl6ukjgIntn5n4Nvf7gF9mhz3X7g==",
      "dev": true,
      "requires": {
        "regexp-to-ast": "0.2.2"
      }
    },
    "regexp-to-ast": {
      "version": "0.2.2",
      "resolved": "https://registry.npmjs.org/regexp-to-ast/-/regexp-to-ast-0.2.2.tgz",
      "integrity": "sha512-ZfBsQSnrKrM7jHEOtyVKZu1XtCXkMCFkTuwqhRYnc8z+b7lvjgTAcd+TixmuCM6ZbZP7g1ixQISxB+zXZzbecw==",
      "dev": true
    }
  }
}
