{
  "name": "voyd_test",
  "version": "1.0.0",
  "lockfileVersion": 3,
  "requires": true,
  "packages": {
    "": {
      "name": "voyd_test",
      "version": "1.0.0",
      "license": "ISC",
      "dependencies": {
        "voyd_semver": "file:../packages/voyd_semver/voyd_semver-0.9.0.tgz"
      }
    },
    "node_modules/voyd_semver": {
      "version": "0.9.0",
      "resolved": "file:../packages/voyd_semver/voyd_semver-0.9.0.tgz",
      "integrity": "sha512-7QgxkTkjMH2pt9Z0LR4dd0JS5cSrthaOQwkIqMMYchrnzIHV/74dDEdntlXLsrll/8T+etTPbXd8A6WwqCms/Q=="
    }
  }
}
